PODS:
  - CleverTap-iOS-SDK (5.2.1):
    - SDWebImage (~> 5.11)
  - CleverTap-SignedCall-SDK (0.0.5):
    - CleverTap-iOS-SDK
    - CTSimplePing (= 1.0.1)
    - CTSoftPhone (= 0.0.6-alpha)
    - Socket.IO-Client-Swift (= 16.0.1)
  - clevertap_plugin (1.9.1):
    - CleverTap-iOS-SDK (= 5.2.1)
    - Flutter
  - clevertap_signedcall_flutter (0.0.5):
    - CleverTap-SignedCall-SDK
    - Flutter
  - CTSimplePing (1.0.1)
  - CTSoftPhone (0.0.6-alpha)
  - device_info_plus (0.0.1):
    - Flutter
  - Flutter (1.0.0)
  - permission_handler_apple (9.1.1):
    - Flutter
  - SDWebImage (5.18.8):
    - SDWebImage/Core (= 5.18.8)
  - SDWebImage/Core (5.18.8)
  - shared_preferences_foundation (0.0.1):
    - Flutter
    - FlutterMacOS
  - Socket.IO-Client-Swift (16.0.1):
    - Starscream (~> 4.0)
  - Starscream (4.0.4)

DEPENDENCIES:
  - clevertap_plugin (from `.symlinks/plugins/clevertap_plugin/ios`)
  - clevertap_signedcall_flutter (from `.symlinks/plugins/clevertap_signedcall_flutter/ios`)
  - device_info_plus (from `.symlinks/plugins/device_info_plus/ios`)
  - Flutter (from `Flutter`)
  - permission_handler_apple (from `.symlinks/plugins/permission_handler_apple/ios`)
  - shared_preferences_foundation (from `.symlinks/plugins/shared_preferences_foundation/darwin`)
  - Starscream (= 4.0.4)

SPEC REPOS:
  https://github.com/CleverTap/podspecs.git:
    - CleverTap-SignedCall-SDK
    - CTSimplePing
    - CTSoftPhone
  https://github.com/CocoaPods/Specs.git:
    - CleverTap-iOS-SDK
    - SDWebImage
    - Socket.IO-Client-Swift
    - Starscream

EXTERNAL SOURCES:
  clevertap_plugin:
    :path: ".symlinks/plugins/clevertap_plugin/ios"
  clevertap_signedcall_flutter:
    :path: ".symlinks/plugins/clevertap_signedcall_flutter/ios"
  device_info_plus:
    :path: ".symlinks/plugins/device_info_plus/ios"
  Flutter:
    :path: Flutter
  permission_handler_apple:
    :path: ".symlinks/plugins/permission_handler_apple/ios"
  shared_preferences_foundation:
    :path: ".symlinks/plugins/shared_preferences_foundation/darwin"

SPEC CHECKSUMS:
  CleverTap-iOS-SDK: 183b2f5c52ecfcb0d4cc97e0cdfcf080562026f3
  CleverTap-SignedCall-SDK: 419fa35be344d1e65ab035dbbc4c2f827c8509d3
  clevertap_plugin: abbbe26f10d875ca3820a0341f658be30984e365
  clevertap_signedcall_flutter: af3402a7c8a9af82dfdf6b11cc55d9befd8b7763
  CTSimplePing: b982a6095f50e8a6fffa1049c0f548e545d6f1a5
  CTSoftPhone: dd535d72050641b55cafea4adca2ce3bd1b26415
  device_info_plus: e5c5da33f982a436e103237c0c85f9031142abed
  Flutter: f04841e97a9d0b0a8025694d0796dd46242b2854
  permission_handler_apple: e76247795d700c14ea09e3a2d8855d41ee80a2e6
  SDWebImage: a81bbb3ba4ea5f810f4069c68727cb118467a04a
  shared_preferences_foundation: b4c3b4cddf1c21f02770737f147a3f5da9d39695
  Socket.IO-Client-Swift: c116d6dc9fd6be9c259bacfe143f8725bce7d79e
  Starscream: 5178aed56b316f13fa3bc55694e583d35dd414d9

PODFILE CHECKSUM: 044af34d7c14dc48beaf1ba47767b811c4dcd520

COCOAPODS: 1.12.1
